{
  "name": "crashcatchlib-js",
  "version": "1.0.0",
  "lockfileVersion": 1,
  "requires": true,
  "dependencies": {
    "js-cookie": {
      "version": "2.2.1",
      "resolved": "https://registry.npmjs.org/js-cookie/-/js-cookie-2.2.1.tgz",
      "integrity": "sha512-HvdH2LzI/EAZcUwA8+0nKNtWHqS+ZmijLA30RwZA0bo7ToCckjK5MkGhjED9KoRcXO6BaGI3I9UIzSA1FKFPOQ=="
    },
    "source-map": {
      "version": "0.5.6",
      "resolved": "https://registry.npmjs.org/source-map/-/source-map-0.5.6.tgz",
      "integrity": "sha1-dc449SvwczxafwwRjYEzSiu19BI="
    },
    "sourcemapped-stacktrace": {
      "version": "1.1.11",
      "resolved": "https://registry.npmjs.org/sourcemapped-stacktrace/-/sourcemapped-stacktrace-1.1.11.tgz",
      "integrity": "sha512-O0pcWjJqzQFVsisPlPXuNawJHHg9N9UgpJ/aDmvi9+vnS3x1C0NhwkVFzzZ1VN0Xo+bekyweoqYvBw5ZBKiNnQ==",
      "requires": {
        "source-map": "0.5.6"
      }
    }
  }
}
